// !$*UTF8*$!
{
	archiveVersion = 1;
	classes = {
	};
	objectVersion = 50;
	objects = {

/* Begin PBXBuildFile section */
		DF15BDDC22AEA4730090B093 /* AppDelegate.swift in Sources */ = {isa = PBXBuildFile; fileRef = DF15BDDB22AEA4730090B093 /* AppDelegate.swift */; };
		DF15BDDE22AEA4740090B093 /* GameScene.sks in Resources */ = {isa = PBXBuildFile; fileRef = DF15BDDD22AEA4740090B093 /* GameScene.sks */; };
		DF15BDE022AEA4740090B093 /* Actions.sks in Resources */ = {isa = PBXBuildFile; fileRef = DF15BDDF22AEA4740090B093 /* Actions.sks */; };
		DF15BDE222AEA4740090B093 /* GameScene.swift in Sources */ = {isa = PBXBuildFile; fileRef = DF15BDE122AEA4740090B093 /* GameScene.swift */; };
		DF15BDE422AEA4740090B093 /* GameViewController.swift in Sources */ = {isa = PBXBuildFile; fileRef = DF15BDE322AEA4740090B093 /* GameViewController.swift */; };
		DF15BDE722AEA4740090B093 /* Main.storyboard in Resources */ = {isa = PBXBuildFile; fileRef = DF15BDE522AEA4740090B093 /* Main.storyboard */; };
		DF15BDE922AEA4760090B093 /* Assets.xcassets in Resources */ = {isa = PBXBuildFile; fileRef = DF15BDE822AEA4760090B093 /* Assets.xcassets */; };
		DF15BDEC22AEA4760090B093 /* LaunchScreen.storyboard in Resources */ = {isa = PBXBuildFile; fileRef = DF15BDEA22AEA4760090B093 /* LaunchScreen.storyboard */; };
		DF15BE4422AEA7A50090B093 /* Rectangle-2-30x30.png in Resources */ = {isa = PBXBuildFile; fileRef = DF15BE2922AEA7A10090B093 /* Rectangle-2-30x30.png */; };
		DF15BE4522AEA7A50090B093 /* Rectangle-4-120x20.png in Resources */ = {isa = PBXBuildFile; fileRef = DF15BE2A22AEA7A10090B093 /* Rectangle-4-120x20.png */; };
		DF15BE4622AEA7A50090B093 /* Rectangle-3-120x20.png in Resources */ = {isa = PBXBuildFile; fileRef = DF15BE2B22AEA7A20090B093 /* Rectangle-3-120x20.png */; };
		DF15BE4722AEA7A50090B093 /* Rectangle-1-120x20.png in Resources */ = {isa = PBXBuildFile; fileRef = DF15BE2C22AEA7A20090B093 /* Rectangle-1-120x20.png */; };
		DF15BE4822AEA7A50090B093 /* CloudTwo.png in Resources */ = {isa = PBXBuildFile; fileRef = DF15BE2D22AEA7A20090B093 /* CloudTwo.png */; };
		DF15BE4922AEA7A50090B093 /* Circle-2-30x30.png in Resources */ = {isa = PBXBuildFile; fileRef = DF15BE2E22AEA7A20090B093 /* Circle-2-30x30.png */; };
		DF15BE4A22AEA7A50090B093 /* CloudThree.png in Resources */ = {isa = PBXBuildFile; fileRef = DF15BE2F22AEA7A20090B093 /* CloudThree.png */; };
		DF15BE4B22AEA7A50090B093 /* Rectangle-2-40x20.png in Resources */ = {isa = PBXBuildFile; fileRef = DF15BE3022AEA7A20090B093 /* Rectangle-2-40x20.png */; };
		DF15BE4C22AEA7A50090B093 /* Rectangle-1-30x30.png in Resources */ = {isa = PBXBuildFile; fileRef = DF15BE3122AEA7A20090B093 /* Rectangle-1-30x30.png */; };
		DF15BE4D22AEA7A50090B093 /* Circle-1-30x30.png in Resources */ = {isa = PBXBuildFile; fileRef = DF15BE3222AEA7A20090B093 /* Circle-1-30x30.png */; };
		DF15BE4E22AEA7A50090B093 /* Sun.png in Resources */ = {isa = PBXBuildFile; fileRef = DF15BE3322AEA7A30090B093 /* Sun.png */; };
		DF15BE4F22AEA7A50090B093 /* Rectangle-2-60x30.png in Resources */ = {isa = PBXBuildFile; fileRef = DF15BE3422AEA7A30090B093 /* Rectangle-2-60x30.png */; };
		DF15BE5022AEA7A50090B093 /* Rectangle-1-60x30.png in Resources */ = {isa = PBXBuildFile; fileRef = DF15BE3522AEA7A30090B093 /* Rectangle-1-60x30.png */; };
		DF15BE5122AEA7A50090B093 /* Rectangle-2-60x20.png in Resources */ = {isa = PBXBuildFile; fileRef = DF15BE3622AEA7A30090B093 /* Rectangle-2-60x20.png */; };
		DF15BE5222AEA7A50090B093 /* Rectangle-1-60x20.png in Resources */ = {isa = PBXBuildFile; fileRef = DF15BE3722AEA7A30090B093 /* Rectangle-1-60x20.png */; };
		DF15BE5322AEA7A50090B093 /* Ground.png in Resources */ = {isa = PBXBuildFile; fileRef = DF15BE3822AEA7A30090B093 /* Ground.png */; };
		DF15BE5422AEA7A50090B093 /* Rectangle-2-120x20.png in Resources */ = {isa = PBXBuildFile; fileRef = DF15BE3922AEA7A30090B093 /* Rectangle-2-120x20.png */; };
		DF15BE5522AEA7A50090B093 /* background.png in Resources */ = {isa = PBXBuildFile; fileRef = DF15BE3A22AEA7A40090B093 /* background.png */; };
		DF15BE5622AEA7A50090B093 /* Rectangle-1-20x20.png in Resources */ = {isa = PBXBuildFile; fileRef = DF15BE3B22AEA7A40090B093 /* Rectangle-1-20x20.png */; };
		DF15BE5722AEA7A50090B093 /* Rectangle-2-20x20.png in Resources */ = {isa = PBXBuildFile; fileRef = DF15BE3C22AEA7A40090B093 /* Rectangle-2-20x20.png */; };
		DF15BE5822AEA7A50090B093 /* Rectangle-1-40x20.png in Resources */ = {isa = PBXBuildFile; fileRef = DF15BE3D22AEA7A40090B093 /* Rectangle-1-40x20.png */; };
		DF15BE5922AEA7A50090B093 /* OrangeTree.png in Resources */ = {isa = PBXBuildFile; fileRef = DF15BE3E22AEA7A40090B093 /* OrangeTree.png */; };
		DF15BE5A22AEA7A50090B093 /* Rectangle-4-40x20.png in Resources */ = {isa = PBXBuildFile; fileRef = DF15BE3F22AEA7A40090B093 /* Rectangle-4-40x20.png */; };
		DF15BE5B22AEA7A50090B093 /* Rectangle-3-40x20.png in Resources */ = {isa = PBXBuildFile; fileRef = DF15BE4022AEA7A40090B093 /* Rectangle-3-40x20.png */; };
		DF15BE5C22AEA7A50090B093 /* Skull.png in Resources */ = {isa = PBXBuildFile; fileRef = DF15BE4122AEA7A50090B093 /* Skull.png */; };
		DF15BE5D22AEA7A50090B093 /* Orange.png in Resources */ = {isa = PBXBuildFile; fileRef = DF15BE4222AEA7A50090B093 /* Orange.png */; };
		DF15BE5E22AEA7A50090B093 /* CloudOne.png in Resources */ = {isa = PBXBuildFile; fileRef = DF15BE4322AEA7A50090B093 /* CloudOne.png */; };
/* End PBXBuildFile section */

/* Begin PBXFileReference section */
		DF15BDD822AEA4730090B093 /* OrangeTree.app */ = {isa = PBXFileReference; explicitFileType = wrapper.application; includeInIndex = 0; path = OrangeTree.app; sourceTree = BUILT_PRODUCTS_DIR; };
		DF15BDDB22AEA4730090B093 /* AppDelegate.swift */ = {isa = PBXFileReference; lastKnownFileType = sourcecode.swift; path = AppDelegate.swift; sourceTree = "<group>"; };
		DF15BDDD22AEA4740090B093 /* GameScene.sks */ = {isa = PBXFileReference; lastKnownFileType = file.sks; path = GameScene.sks; sourceTree = "<group>"; };
		DF15BDDF22AEA4740090B093 /* Actions.sks */ = {isa = PBXFileReference; lastKnownFileType = file.sks; path = Actions.sks; sourceTree = "<group>"; };
		DF15BDE122AEA4740090B093 /* GameScene.swift */ = {isa = PBXFileReference; lastKnownFileType = sourcecode.swift; path = GameScene.swift; sourceTree = "<group>"; };
		DF15BDE322AEA4740090B093 /* GameViewController.swift */ = {isa = PBXFileReference; lastKnownFileType = sourcecode.swift; path = GameViewController.swift; sourceTree = "<group>"; };
		DF15BDE622AEA4740090B093 /* Base */ = {isa = PBXFileReference; lastKnownFileType = file.storyboard; name = Base; path = Base.lproj/Main.storyboard; sourceTree = "<group>"; };
		DF15BDE822AEA4760090B093 /* Assets.xcassets */ = {isa = PBXFileReference; lastKnownFileType = folder.assetcatalog; path = Assets.xcassets; sourceTree = "<group>"; };
		DF15BDEB22AEA4760090B093 /* Base */ = {isa = PBXFileReference; lastKnownFileType = file.storyboard; name = Base; path = Base.lproj/LaunchScreen.storyboard; sourceTree = "<group>"; };
		DF15BDED22AEA4760090B093 /* Info.plist */ = {isa = PBXFileReference; lastKnownFileType = text.plist.xml; path = Info.plist; sourceTree = "<group>"; };
		DF15BE2922AEA7A10090B093 /* Rectangle-2-30x30.png */ = {isa = PBXFileReference; lastKnownFileType = image.png; name = "Rectangle-2-30x30.png"; path = "../../../Downloads/orange-tree-images/Rectangle-2-30x30.png"; sourceTree = "<group>"; };
		DF15BE2A22AEA7A10090B093 /* Rectangle-4-120x20.png */ = {isa = PBXFileReference; lastKnownFileType = image.png; name = "Rectangle-4-120x20.png"; path = "../../../Downloads/orange-tree-images/Rectangle-4-120x20.png"; sourceTree = "<group>"; };
		DF15BE2B22AEA7A20090B093 /* Rectangle-3-120x20.png */ = {isa = PBXFileReference; lastKnownFileType = image.png; name = "Rectangle-3-120x20.png"; path = "../../../Downloads/orange-tree-images/Rectangle-3-120x20.png"; sourceTree = "<group>"; };
		DF15BE2C22AEA7A20090B093 /* Rectangle-1-120x20.png */ = {isa = PBXFileReference; lastKnownFileType = image.png; name = "Rectangle-1-120x20.png"; path = "../../../Downloads/orange-tree-images/Rectangle-1-120x20.png"; sourceTree = "<group>"; };
		DF15BE2D22AEA7A20090B093 /* CloudTwo.png */ = {isa = PBXFileReference; lastKnownFileType = image.png; name = CloudTwo.png; path = "../../../Downloads/orange-tree-images/CloudTwo.png"; sourceTree = "<group>"; };
		DF15BE2E22AEA7A20090B093 /* Circle-2-30x30.png */ = {isa = PBXFileReference; lastKnownFileType = image.png; name = "Circle-2-30x30.png"; path = "../../../Downloads/orange-tree-images/Circle-2-30x30.png"; sourceTree = "<group>"; };
		DF15BE2F22AEA7A20090B093 /* CloudThree.png */ = {isa = PBXFileReference; lastKnownFileType = image.png; name = CloudThree.png; path = "../../../Downloads/orange-tree-images/CloudThree.png"; sourceTree = "<group>"; };
		DF15BE3022AEA7A20090B093 /* Rectangle-2-40x20.png */ = {isa = PBXFileReference; lastKnownFileType = image.png; name = "Rectangle-2-40x20.png"; path = "../../../Downloads/orange-tree-images/Rectangle-2-40x20.png"; sourceTree = "<group>"; };
		DF15BE3122AEA7A20090B093 /* Rectangle-1-30x30.png */ = {isa = PBXFileReference; lastKnownFileType = image.png; name = "Rectangle-1-30x30.png"; path = "../../../Downloads/orange-tree-images/Rectangle-1-30x30.png"; sourceTree = "<group>"; };
		DF15BE3222AEA7A20090B093 /* Circle-1-30x30.png */ = {isa = PBXFileReference; lastKnownFileType = image.png; name = "Circle-1-30x30.png"; path = "../../../Downloads/orange-tree-images/Circle-1-30x30.png"; sourceTree = "<group>"; };
		DF15BE3322AEA7A30090B093 /* Sun.png */ = {isa = PBXFileReference; lastKnownFileType = image.png; name = Sun.png; path = "../../../Downloads/orange-tree-images/Sun.png"; sourceTree = "<group>"; };
		DF15BE3422AEA7A30090B093 /* Rectangle-2-60x30.png */ = {isa = PBXFileReference; lastKnownFileType = image.png; name = "Rectangle-2-60x30.png"; path = "../../../Downloads/orange-tree-images/Rectangle-2-60x30.png"; sourceTree = "<group>"; };
		DF15BE3522AEA7A30090B093 /* Rectangle-1-60x30.png */ = {isa = PBXFileReference; lastKnownFileType = image.png; name = "Rectangle-1-60x30.png"; path = "../../../Downloads/orange-tree-images/Rectangle-1-60x30.png"; sourceTree = "<group>"; };
		DF15BE3622AEA7A30090B093 /* Rectangle-2-60x20.png */ = {isa = PBXFileReference; lastKnownFileType = image.png; name = "Rectangle-2-60x20.png"; path = "../../../Downloads/orange-tree-images/Rectangle-2-60x20.png"; sourceTree = "<group>"; };
		DF15BE3722AEA7A30090B093 /* Rectangle-1-60x20.png */ = {isa = PBXFileReference; lastKnownFileType = image.png; name = "Rectangle-1-60x20.png"; path = "../../../Downloads/orange-tree-images/Rectangle-1-60x20.png"; sourceTree = "<group>"; };
		DF15BE3822AEA7A30090B093 /* Ground.png */ = {isa = PBXFileReference; lastKnownFileType = image.png; name = Ground.png; path = "../../../Downloads/orange-tree-images/Ground.png"; sourceTree = "<group>"; };
		DF15BE3922AEA7A30090B093 /* Rectangle-2-120x20.png */ = {isa = PBXFileReference; lastKnownFileType = image.png; name = "Rectangle-2-120x20.png"; path = "../../../Downloads/orange-tree-images/Rectangle-2-120x20.png"; sourceTree = "<group>"; };
		DF15BE3A22AEA7A40090B093 /* background.png */ = {isa = PBXFileReference; lastKnownFileType = image.png; name = background.png; path = "../../../Downloads/orange-tree-images/background.png"; sourceTree = "<group>"; };
		DF15BE3B22AEA7A40090B093 /* Rectangle-1-20x20.png */ = {isa = PBXFileReference; lastKnownFileType = image.png; name = "Rectangle-1-20x20.png"; path = "../../../Downloads/orange-tree-images/Rectangle-1-20x20.png"; sourceTree = "<group>"; };
		DF15BE3C22AEA7A40090B093 /* Rectangle-2-20x20.png */ = {isa = PBXFileReference; lastKnownFileType = image.png; name = "Rectangle-2-20x20.png"; path = "../../../Downloads/orange-tree-images/Rectangle-2-20x20.png"; sourceTree = "<group>"; };
		DF15BE3D22AEA7A40090B093 /* Rectangle-1-40x20.png */ = {isa = PBXFileReference; lastKnownFileType = image.png; name = "Rectangle-1-40x20.png"; path = "../../../Downloads/orange-tree-images/Rectangle-1-40x20.png"; sourceTree = "<group>"; };
		DF15BE3E22AEA7A40090B093 /* OrangeTree.png */ = {isa = PBXFileReference; lastKnownFileType = image.png; name = OrangeTree.png; path = "../../../Downloads/orange-tree-images/OrangeTree.png"; sourceTree = "<group>"; };
		DF15BE3F22AEA7A40090B093 /* Rectangle-4-40x20.png */ = {isa = PBXFileReference; lastKnownFileType = image.png; name = "Rectangle-4-40x20.png"; path = "../../../Downloads/orange-tree-images/Rectangle-4-40x20.png"; sourceTree = "<group>"; };
		DF15BE4022AEA7A40090B093 /* Rectangle-3-40x20.png */ = {isa = PBXFileReference; lastKnownFileType = image.png; name = "Rectangle-3-40x20.png"; path = "../../../Downloads/orange-tree-images/Rectangle-3-40x20.png"; sourceTree = "<group>"; };
		DF15BE4122AEA7A50090B093 /* Skull.png */ = {isa = PBXFileReference; lastKnownFileType = image.png; name = Skull.png; path = "../../../Downloads/orange-tree-images/Skull.png"; sourceTree = "<group>"; };
		DF15BE4222AEA7A50090B093 /* Orange.png */ = {isa = PBXFileReference; lastKnownFileType = image.png; name = Orange.png; path = "../../../Downloads/orange-tree-images/Orange.png"; sourceTree = "<group>"; };
		DF15BE4322AEA7A50090B093 /* CloudOne.png */ = {isa = PBXFileReference; lastKnownFileType = image.png; name = CloudOne.png; path = "../../../Downloads/orange-tree-images/CloudOne.png"; sourceTree = "<group>"; };
/* End PBXFileReference section */

/* Begin PBXFrameworksBuildPhase section */
		DF15BDD522AEA4730090B093 /* Frameworks */ = {
			isa = PBXFrameworksBuildPhase;
			buildActionMask = 2147483647;
			files = (
			);
			runOnlyForDeploymentPostprocessing = 0;
		};
/* End PBXFrameworksBuildPhase section */

/* Begin PBXGroup section */
		DF15BDCF22AEA4730090B093 = {
			isa = PBXGroup;
			children = (
				DF15BDDA22AEA4730090B093 /* OrangeTree */,
				DF15BDD922AEA4730090B093 /* Products */,
			);
			sourceTree = "<group>";
		};
		DF15BDD922AEA4730090B093 /* Products */ = {
			isa = PBXGroup;
			children = (
				DF15BDD822AEA4730090B093 /* OrangeTree.app */,
			);
			name = Products;
			sourceTree = "<group>";
		};
		DF15BDDA22AEA4730090B093 /* OrangeTree */ = {
			isa = PBXGroup;
			children = (
				DF15BDDB22AEA4730090B093 /* AppDelegate.swift */,
				DF15BDDD22AEA4740090B093 /* GameScene.sks */,
				DF15BDDF22AEA4740090B093 /* Actions.sks */,
				DF15BDE122AEA4740090B093 /* GameScene.swift */,
				DF15BDE322AEA4740090B093 /* GameViewController.swift */,
				DF15BDE522AEA4740090B093 /* Main.storyboard */,
				DF15BDE822AEA4760090B093 /* Assets.xcassets */,
				DF15BE3A22AEA7A40090B093 /* background.png */,
				DF15BE3222AEA7A20090B093 /* Circle-1-30x30.png */,
				DF15BE2E22AEA7A20090B093 /* Circle-2-30x30.png */,
				DF15BE4322AEA7A50090B093 /* CloudOne.png */,
				DF15BE2F22AEA7A20090B093 /* CloudThree.png */,
				DF15BE2D22AEA7A20090B093 /* CloudTwo.png */,
				DF15BE3822AEA7A30090B093 /* Ground.png */,
				DF15BE4222AEA7A50090B093 /* Orange.png */,
				DF15BE3E22AEA7A40090B093 /* OrangeTree.png */,
				DF15BE3B22AEA7A40090B093 /* Rectangle-1-20x20.png */,
				DF15BE3122AEA7A20090B093 /* Rectangle-1-30x30.png */,
				DF15BE3D22AEA7A40090B093 /* Rectangle-1-40x20.png */,
				DF15BE3722AEA7A30090B093 /* Rectangle-1-60x20.png */,
				DF15BE3522AEA7A30090B093 /* Rectangle-1-60x30.png */,
				DF15BE2C22AEA7A20090B093 /* Rectangle-1-120x20.png */,
				DF15BE3C22AEA7A40090B093 /* Rectangle-2-20x20.png */,
				DF15BE2922AEA7A10090B093 /* Rectangle-2-30x30.png */,
				DF15BE3022AEA7A20090B093 /* Rectangle-2-40x20.png */,
				DF15BE3622AEA7A30090B093 /* Rectangle-2-60x20.png */,
				DF15BE3422AEA7A30090B093 /* Rectangle-2-60x30.png */,
				DF15BE3922AEA7A30090B093 /* Rectangle-2-120x20.png */,
				DF15BE4022AEA7A40090B093 /* Rectangle-3-40x20.png */,
				DF15BE2B22AEA7A20090B093 /* Rectangle-3-120x20.png */,
				DF15BE3F22AEA7A40090B093 /* Rectangle-4-40x20.png */,
				DF15BE2A22AEA7A10090B093 /* Rectangle-4-120x20.png */,
				DF15BE4122AEA7A50090B093 /* Skull.png */,
				DF15BE3322AEA7A30090B093 /* Sun.png */,
				DF15BDEA22AEA4760090B093 /* LaunchScreen.storyboard */,
				DF15BDED22AEA4760090B093 /* Info.plist */,
			);
			path = OrangeTree;
			sourceTree = "<group>";
		};
/* End PBXGroup section */

/* Begin PBXNativeTarget section */
		DF15BDD722AEA4730090B093 /* OrangeTree */ = {
			isa = PBXNativeTarget;
			buildConfigurationList = DF15BDF022AEA4760090B093 /* Build configuration list for PBXNativeTarget "OrangeTree" */;
			buildPhases = (
				DF15BDD422AEA4730090B093 /* Sources */,
				DF15BDD522AEA4730090B093 /* Frameworks */,
				DF15BDD622AEA4730090B093 /* Resources */,
			);
			buildRules = (
			);
			dependencies = (
			);
			name = OrangeTree;
			productName = OrangeTree;
			productReference = DF15BDD822AEA4730090B093 /* OrangeTree.app */;
			productType = "com.apple.product-type.application";
		};
/* End PBXNativeTarget section */

/* Begin PBXProject section */
		DF15BDD022AEA4730090B093 /* Project object */ = {
			isa = PBXProject;
			attributes = {
				LastSwiftUpdateCheck = 1010;
				LastUpgradeCheck = 1010;
				ORGANIZATIONNAME = "hardeep kaur";
				TargetAttributes = {
					DF15BDD722AEA4730090B093 = {
						CreatedOnToolsVersion = 10.1;
					};
				};
			};
			buildConfigurationList = DF15BDD322AEA4730090B093 /* Build configuration list for PBXProject "OrangeTree" */;
			compatibilityVersion = "Xcode 9.3";
			developmentRegion = en;
			hasScannedForEncodings = 0;
			knownRegions = (
				en,
				Base,
			);
			mainGroup = DF15BDCF22AEA4730090B093;
			productRefGroup = DF15BDD922AEA4730090B093 /* Products */;
			projectDirPath = "";
			projectRoot = "";
			targets = (
				DF15BDD722AEA4730090B093 /* OrangeTree */,
			);
		};
/* End PBXProject section */

/* Begin PBXResourcesBuildPhase section */
		DF15BDD622AEA4730090B093 /* Resources */ = {
			isa = PBXResourcesBuildPhase;
			buildActionMask = 2147483647;
			files = (
				DF15BE5922AEA7A50090B093 /* OrangeTree.png in Resources */,
				DF15BE5A22AEA7A50090B093 /* Rectangle-4-40x20.png in Resources */,
				DF15BE4E22AEA7A50090B093 /* Sun.png in Resources */,
				DF15BE4622AEA7A50090B093 /* Rectangle-3-120x20.png in Resources */,
				DF15BDE722AEA4740090B093 /* Main.storyboard in Resources */,
				DF15BE5C22AEA7A50090B093 /* Skull.png in Resources */,
				DF15BE5422AEA7A50090B093 /* Rectangle-2-120x20.png in Resources */,
				DF15BE4F22AEA7A50090B093 /* Rectangle-2-60x30.png in Resources */,
				DF15BE5D22AEA7A50090B093 /* Orange.png in Resources */,
				DF15BDDE22AEA4740090B093 /* GameScene.sks in Resources */,
				DF15BE4722AEA7A50090B093 /* Rectangle-1-120x20.png in Resources */,
				DF15BE4A22AEA7A50090B093 /* CloudThree.png in Resources */,
				DF15BDE922AEA4760090B093 /* Assets.xcassets in Resources */,
				DF15BE5722AEA7A50090B093 /* Rectangle-2-20x20.png in Resources */,
				DF15BE5222AEA7A50090B093 /* Rectangle-1-60x20.png in Resources */,
				DF15BE4C22AEA7A50090B093 /* Rectangle-1-30x30.png in Resources */,
				DF15BDEC22AEA4760090B093 /* LaunchScreen.storyboard in Resources */,
				DF15BE4B22AEA7A50090B093 /* Rectangle-2-40x20.png in Resources */,
				DF15BE4922AEA7A50090B093 /* Circle-2-30x30.png in Resources */,
				DF15BE5322AEA7A50090B093 /* Ground.png in Resources */,
				DF15BE5822AEA7A50090B093 /* Rectangle-1-40x20.png in Resources */,
				DF15BDE022AEA4740090B093 /* Actions.sks in Resources */,
				DF15BE5022AEA7A50090B093 /* Rectangle-1-60x30.png in Resources */,
				DF15BE4422AEA7A50090B093 /* Rectangle-2-30x30.png in Resources */,
				DF15BE5E22AEA7A50090B093 /* CloudOne.png in Resources */,
				DF15BE4822AEA7A50090B093 /* CloudTwo.png in Resources */,
				DF15BE5B22AEA7A50090B093 /* Rectangle-3-40x20.png in Resources */,
				DF15BE5122AEA7A50090B093 /* Rectangle-2-60x20.png in Resources */,
				DF15BE5622AEA7A50090B093 /* Rectangle-1-20x20.png in Resources */,
				DF15BE4D22AEA7A50090B093 /* Circle-1-30x30.png in Resources */,
				DF15BE4522AEA7A50090B093 /* Rectangle-4-120x20.png in Resources */,
				DF15BE5522AEA7A50090B093 /* background.png in Resources */,
			);
			runOnlyForDeploymentPostprocessing = 0;
		};
/* End PBXResourcesBuildPhase section */

/* Begin PBXSourcesBuildPhase section */
		DF15BDD422AEA4730090B093 /* Sources */ = {
			isa = PBXSourcesBuildPhase;
			buildActionMask = 2147483647;
			files = (
				DF15BDE222AEA4740090B093 /* GameScene.swift in Sources */,
				DF15BDE422AEA4740090B093 /* GameViewController.swift in Sources */,
				DF15BDDC22AEA4730090B093 /* AppDelegate.swift in Sources */,
			);
			runOnlyForDeploymentPostprocessing = 0;
		};
/* End PBXSourcesBuildPhase section */

/* Begin PBXVariantGroup section */
		DF15BDE522AEA4740090B093 /* Main.storyboard */ = {
			isa = PBXVariantGroup;
			children = (
				DF15BDE622AEA4740090B093 /* Base */,
			);
			name = Main.storyboard;
			sourceTree = "<group>";
		};
		DF15BDEA22AEA4760090B093 /* LaunchScreen.storyboard */ = {
			isa = PBXVariantGroup;
			children = (
				DF15BDEB22AEA4760090B093 /* Base */,
			);
			name = LaunchScreen.storyboard;
			sourceTree = "<group>";
		};
/* End PBXVariantGroup section */

/* Begin XCBuildConfiguration section */
		DF15BDEE22AEA4760090B093 /* Debug */ = {
			isa = XCBuildConfiguration;
			buildSettings = {
				ALWAYS_SEARCH_USER_PATHS = NO;
				CLANG_ANALYZER_NONNULL = YES;
				CLANG_ANALYZER_NUMBER_OBJECT_CONVERSION = YES_AGGRESSIVE;
				CLANG_CXX_LANGUAGE_STANDARD = "gnu++14";
				CLANG_CXX_LIBRARY = "libc++";
				CLANG_ENABLE_MODULES = YES;
				CLANG_ENABLE_OBJC_ARC = YES;
				CLANG_ENABLE_OBJC_WEAK = YES;
				CLANG_WARN_BLOCK_CAPTURE_AUTORELEASING = YES;
				CLANG_WARN_BOOL_CONVERSION = YES;
				CLANG_WARN_COMMA = YES;
				CLANG_WARN_CONSTANT_CONVERSION = YES;
				CLANG_WARN_DEPRECATED_OBJC_IMPLEMENTATIONS = YES;
				CLANG_WARN_DIRECT_OBJC_ISA_USAGE = YES_ERROR;
				CLANG_WARN_DOCUMENTATION_COMMENTS = YES;
				CLANG_WARN_EMPTY_BODY = YES;
				CLANG_WARN_ENUM_CONVERSION = YES;
				CLANG_WARN_INFINITE_RECURSION = YES;
				CLANG_WARN_INT_CONVERSION = YES;
				CLANG_WARN_NON_LITERAL_NULL_CONVERSION = YES;
				CLANG_WARN_OBJC_IMPLICIT_RETAIN_SELF = YES;
				CLANG_WARN_OBJC_LITERAL_CONVERSION = YES;
				CLANG_WARN_OBJC_ROOT_CLASS = YES_ERROR;
				CLANG_WARN_RANGE_LOOP_ANALYSIS = YES;
				CLANG_WARN_STRICT_PROTOTYPES = YES;
				CLANG_WARN_SUSPICIOUS_MOVE = YES;
				CLANG_WARN_UNGUARDED_AVAILABILITY = YES_AGGRESSIVE;
				CLANG_WARN_UNREACHABLE_CODE = YES;
				CLANG_WARN__DUPLICATE_METHOD_MATCH = YES;
				CODE_SIGN_IDENTITY = "iPhone Developer";
				COPY_PHASE_STRIP = NO;
				DEBUG_INFORMATION_FORMAT = dwarf;
				ENABLE_STRICT_OBJC_MSGSEND = YES;
				ENABLE_TESTABILITY = YES;
				GCC_C_LANGUAGE_STANDARD = gnu11;
				GCC_DYNAMIC_NO_PIC = NO;
				GCC_NO_COMMON_BLOCKS = YES;
				GCC_OPTIMIZATION_LEVEL = 0;
				GCC_PREPROCESSOR_DEFINITIONS = (
					"DEBUG=1",
					"$(inherited)",
				);
				GCC_WARN_64_TO_32_BIT_CONVERSION = YES;
				GCC_WARN_ABOUT_RETURN_TYPE = YES_ERROR;
				GCC_WARN_UNDECLARED_SELECTOR = YES;
				GCC_WARN_UNINITIALIZED_AUTOS = YES_AGGRESSIVE;
				GCC_WARN_UNUSED_FUNCTION = YES;
				GCC_WARN_UNUSED_VARIABLE = YES;
				IPHONEOS_DEPLOYMENT_TARGET = 12.1;
				MTL_ENABLE_DEBUG_INFO = INCLUDE_SOURCE;
				MTL_FAST_MATH = YES;
				ONLY_ACTIVE_ARCH = YES;
				SDKROOT = iphoneos;
				SWIFT_ACTIVE_COMPILATION_CONDITIONS = DEBUG;
				SWIFT_OPTIMIZATION_LEVEL = "-Onone";
			};
			name = Debug;
		};
		DF15BDEF22AEA4760090B093 /* Release */ = {
			isa = XCBuildConfiguration;
			buildSettings = {
				ALWAYS_SEARCH_USER_PATHS = NO;
				CLANG_ANALYZER_NONNULL = YES;
				CLANG_ANALYZER_NUMBER_OBJECT_CONVERSION = YES_AGGRESSIVE;
				CLANG_CXX_LANGUAGE_STANDARD = "gnu++14";
				CLANG_CXX_LIBRARY = "libc++";
				CLANG_ENABLE_MODULES = YES;
				CLANG_ENABLE_OBJC_ARC = YES;
				CLANG_ENABLE_OBJC_WEAK = YES;
				CLANG_WARN_BLOCK_CAPTURE_AUTORELEASING = YES;
				CLANG_WARN_BOOL_CONVERSION = YES;
				CLANG_WARN_COMMA = YES;
				CLANG_WARN_CONSTANT_CONVERSION = YES;
				CLANG_WARN_DEPRECATED_OBJC_IMPLEMENTATIONS = YES;
				CLANG_WARN_DIRECT_OBJC_ISA_USAGE = YES_ERROR;
				CLANG_WARN_DOCUMENTATION_COMMENTS = YES;
				CLANG_WARN_EMPTY_BODY = YES;
				CLANG_WARN_ENUM_CONVERSION = YES;
				CLANG_WARN_INFINITE_RECURSION = YES;
				CLANG_WARN_INT_CONVERSION = YES;
				CLANG_WARN_NON_LITERAL_NULL_CONVERSION = YES;
				CLANG_WARN_OBJC_IMPLICIT_RETAIN_SELF = YES;
				CLANG_WARN_OBJC_LITERAL_CONVERSION = YES;
				CLANG_WARN_OBJC_ROOT_CLASS = YES_ERROR;
				CLANG_WARN_RANGE_LOOP_ANALYSIS = YES;
				CLANG_WARN_STRICT_PROTOTYPES = YES;
				CLANG_WARN_SUSPICIOUS_MOVE = YES;
				CLANG_WARN_UNGUARDED_AVAILABILITY = YES_AGGRESSIVE;
				CLANG_WARN_UNREACHABLE_CODE = YES;
				CLANG_WARN__DUPLICATE_METHOD_MATCH = YES;
				CODE_SIGN_IDENTITY = "iPhone Developer";
				COPY_PHASE_STRIP = NO;
				DEBUG_INFORMATION_FORMAT = "dwarf-with-dsym";
				ENABLE_NS_ASSERTIONS = NO;
				ENABLE_STRICT_OBJC_MSGSEND = YES;
				GCC_C_LANGUAGE_STANDARD = gnu11;
				GCC_NO_COMMON_BLOCKS = YES;
				GCC_WARN_64_TO_32_BIT_CONVERSION = YES;
				GCC_WARN_ABOUT_RETURN_TYPE = YES_ERROR;
				GCC_WARN_UNDECLARED_SELECTOR = YES;
				GCC_WARN_UNINITIALIZED_AUTOS = YES_AGGRESSIVE;
				GCC_WARN_UNUSED_FUNCTION = YES;
				GCC_WARN_UNUSED_VARIABLE = YES;
				IPHONEOS_DEPLOYMENT_TARGET = 12.1;
				MTL_ENABLE_DEBUG_INFO = NO;
				MTL_FAST_MATH = YES;
				SDKROOT = iphoneos;
				SWIFT_COMPILATION_MODE = wholemodule;
				SWIFT_OPTIMIZATION_LEVEL = "-O";
				VALIDATE_PRODUCT = YES;
			};
			name = Release;
		};
		DF15BDF122AEA4760090B093 /* Debug */ = {
			isa = XCBuildConfiguration;
			buildSettings = {
				ASSETCATALOG_COMPILER_APPICON_NAME = AppIcon;
				CODE_SIGN_STYLE = Automatic;
				INFOPLIST_FILE = OrangeTree/Info.plist;
				LD_RUNPATH_SEARCH_PATHS = (
					"$(inherited)",
					"@executable_path/Frameworks",
				);
				PRODUCT_BUNDLE_IDENTIFIER = "hardeep-kaur.OrangeTree";
				PRODUCT_NAME = "$(TARGET_NAME)";
				SWIFT_VERSION = 4.2;
				TARGETED_DEVICE_FAMILY = "1,2";
			};
			name = Debug;
		};
		DF15BDF222AEA4760090B093 /* Release */ = {
			isa = XCBuildConfiguration;
			buildSettings = {
				ASSETCATALOG_COMPILER_APPICON_NAME = AppIcon;
				CODE_SIGN_STYLE = Automatic;
				INFOPLIST_FILE = OrangeTree/Info.plist;
				LD_RUNPATH_SEARCH_PATHS = (
					"$(inherited)",
					"@executable_path/Frameworks",
				);
				PRODUCT_BUNDLE_IDENTIFIER = "hardeep-kaur.OrangeTree";
				PRODUCT_NAME = "$(TARGET_NAME)";
				SWIFT_VERSION = 4.2;
				TARGETED_DEVICE_FAMILY = "1,2";
			};
			name = Release;
		};
/* End XCBuildConfiguration section */

/* Begin XCConfigurationList section */
		DF15BDD322AEA4730090B093 /* Build configuration list for PBXProject "OrangeTree" */ = {
			isa = XCConfigurationList;
			buildConfigurations = (
				DF15BDEE22AEA4760090B093 /* Debug */,
				DF15BDEF22AEA4760090B093 /* Release */,
			);
			defaultConfigurationIsVisible = 0;
			defaultConfigurationName = Release;
		};
		DF15BDF022AEA4760090B093 /* Build configuration list for PBXNativeTarget "OrangeTree" */ = {
			isa = XCConfigurationList;
			buildConfigurations = (
				DF15BDF122AEA4760090B093 /* Debug */,
				DF15BDF222AEA4760090B093 /* Release */,
			);
			defaultConfigurationIsVisible = 0;
			defaultConfigurationName = Release;
		};
/* End XCConfigurationList section */
	};
	rootObject = DF15BDD022AEA4730090B093 /* Project object */;
}
